github.com/andrianbdn/iospng v0.0.0-20180629161540-eb5ebcdb1909 h1:EiyLF+8rhjoXH+2Khtrlx6yT9PSvM+rt1LzenAXbMe0=
github.com/andrianbdn/iospng v0.0.0-20180629161540-eb5ebcdb1909/go.mod h1:Ct7Kf2zP3u3uzYRRwayZEwtAQGJ2leVXiR6DQI9IqPo=
github.com/andrianbdn/iospng v0.0.0-20180730113000-dccef1992541 h1:PlePBgD++64Pjmo5HtrBuBxt1oWTUkc0PzrrLk822uA=
github.com/andrianbdn/iospng v0.0.0-20180730113000-dccef1992541/go.mod h1:Ct7Kf2zP3u3uzYRRwayZEwtAQGJ2leVXiR6DQI9IqPo=
github.com/davecgh/go-spew v1.1.0/go.mod h1:J7Y8YcW2NihsgmVo/mv3lAwl/skON4iLHjSsI+c5H38=
github.com/davecgh/go-spew v1.1.1/go.mod h1:J7Y8YcW2NihsgmVo/mv3lAwl/skON4iLHjSsI+c5H38=
github.com/jessevdk/go-flags v1.4.0/go.mod h1:4FA24M0QyGHXBuZZK/XkWh8h0e1EYbRYJSGM75WSRxI=
github.com/kr/pretty v0.1.0/go.mod h1:dAy3ld7l9f0ibDNOQOHHMYYIIbhfbHSm3C4ZsoJORNo=
github.com/kr/pty v1.1.1/go.mod h1:pFQYn66WHrOpPYNljwOMqo10TkYh1fy3cYio2l3bCsQ=
github.com/kr/pty v1.1.3/go.mod h1:pFQYn66WHrOpPYNljwOMqo10TkYh1fy3cYio2l3bCsQ=
github.com/kr/text v0.1.0/go.mod h1:4Jbv+DJW3UT/LiOwJeYQe1efqtUx/iVham/4vfdArNI=
github.com/phinexdaz/ipapk v0.0.0-20180706142810-91f3861dffcf/go.mod h1:rQm2jLaxnki76FuKtCZKGi/MXmvLe3jRWvab1fPby1A=
github.com/pkg/errors v0.0.0-20180311214515-816c9085562c h1:F5RoIh7F9wB47PvXvpP1+Ihq1TkyC8iRdvwfKkESEZQ=
github.com/pkg/errors v0.0.0-20180311214515-816c9085562c/go.mod h1:bwawxfHBFNV+L2hUp1rHADufV3IMtnDRdf1r5NINEl0=
github.com/pkg/errors v0.8.1 h1:iURUrRGxPUNPdy5/HRSm+Yj6okJ6UtLINN0Q9M4+h3I=
github.com/pkg/errors v0.8.1/go.mod h1:bwawxfHBFNV+L2hUp1rHADufV3IMtnDRdf1r5NINEl0=
github.com/pmezard/go-difflib v1.0.0/go.mod h1:iKH77koFhYxTK1pcRnkKkqfTogsbg7gZNVY4sRDYZ/4=
github.com/qiqizjl/ipapk v0.0.0-20190111094744-6abcbaaa4c69 h1:kxcc1fwEN74qMP2M3UIdltnS4xCkUp/+6xGBOjyAtwU=
github.com/qiqizjl/ipapk v0.0.0-20190111094744-6abcbaaa4c69/go.mod h1:qK3YOen5Gx+T86vda8KsPbjMkOwnx2pUM66WlzdiNJc=
github.com/qiqizjl/ipapk v0.0.0-20190111150550-78b4ea882fb3 h1:r0WhZWSmalgwSvfA86mFFH45cz9ojn/PR+DGXqyskWw=
github.com/qiqizjl/ipapk v0.0.0-20190111150550-78b4ea882fb3/go.mod h1:qK3YOen5Gx+T86vda8KsPbjMkOwnx2pUM66WlzdiNJc=
github.com/qiqizjl/ipapk v0.0.0-20190111151221-4bba767da2c8 h1:L3mAKTf5c0PCoqbQxIMSvfMPjippyNP369L5GHQ5/Jk=
github.com/qiqizjl/ipapk v0.0.0-20190111151221-4bba767da2c8/go.mod h1:qK3YOen5Gx+T86vda8KsPbjMkOwnx2pUM66WlzdiNJc=
github.com/shogo82148/androidbinary v0.0.0-20171125034040-f2570763f91e h1:kPM3kprpF6NRySSyRsTqO8ky5VtbDq9PrKNGLggWRnQ=
github.com/shogo82148/androidbinary v0.0.0-20171125034040-f2570763f91e/go.mod h1:05AjXWPWLdTIl9+REKhSmTeoJ6Wz5e9ir0Q0NRxCIKo=
github.com/shogo82148/androidbinary v0.0.0-20190111050448-89dd9a91dc40 h1:WMH7AvZS4zj3hF3O+q9pxr0wYkm0rm/4jnnnP5WtZx8=
github.com/shogo82148/androidbinary v0.0.0-20190111050448-89dd9a91dc40/go.mod h1:UKePOXUc1FAFsU+tKI8WtbIOnp8aT6hFjplGmlkADew=
github.com/stretchr/objx v0.1.0/go.mod h1:HFkY916IF+rwdDfMAkV7OtwuqBVzrE8GR6GFx+wExME=
github.com/stretchr/objx v0.1.1/go.mod h1:HFkY916IF+rwdDfMAkV7OtwuqBVzrE8GR6GFx+wExME=
github.com/stretchr/testify v1.3.0/go.mod h1:M5WIy9Dh21IEIfnGCwXGc5bZfKNJtfHm1UVUgZn+9EI=
gopkg.in/check.v1 v0.0.0-20161208181325-20d25e280405/go.mod h1:Co6ibVJAznAaIkqp8huTwlJQCZ016jof/cbN4VW5Yz0=
gopkg.in/check.v1 v1.0.0-20180628173108-788fd7840127/go.mod h1:Co6ibVJAznAaIkqp8huTwlJQCZ016jof/cbN4VW5Yz0=
gopkg.in/yaml.v2 v2.2.1/go.mod h1:hI93XBmqTisBFMUTm0b8Fm+jr3Dg1NNxqwp+5A1VGuI=
gopkg.in/yaml.v2 v2.2.2/go.mod h1:hI93XBmqTisBFMUTm0b8Fm+jr3Dg1NNxqwp+5A1VGuI=
howett.net/plist v0.0.0-20181124034731-591f970eefbb h1:jhnBjNi9UFpfpl8YZhA9CrOqpnJdvzuiHsl/dnxl11M=
howett.net/plist v0.0.0-20181124034731-591f970eefbb/go.mod h1:vMygbs4qMhSZSc4lCUl2OEE+rDiIIJAIdR4m7MiMcm0=
